
Microsoft Visual Studio Solution File, Format Version 12.00
# Visual Studio 15
VisualStudioVersion = 15.0.27703.2035
MinimumVisualStudioVersion = 10.0.40219.1
Project("{9A19103F-16F7-4668-BE54-9A1E7A4F7556}") = "AdvancedComparer", "AdvancedComparer\AdvancedComparer.csproj", "{AB1628AB-6D3D-4AD9-8824-835A1333B55B}"
EndProject
Project("{FAE04EC0-301F-11D3-BF4B-00C04F79EFBC}") = "ConsoleTestingGrounds", "ConsoleTestingGrounds\ConsoleTestingGrounds.csproj", "{1C0F3F50-C9B7-4D73-A7E1-548F9FBFA842}"
EndProject
Global
	GlobalSection(SolutionConfigurationPlatforms) = preSolution
		Debug|Any CPU = Debug|Any CPU
		Release|Any CPU = Release|Any CPU
	EndGlobalSection
	GlobalSection(ProjectConfigurationPlatforms) = postSolution
		{AB1628AB-6D3D-4AD9-8824-835A1333B55B}.Debug|Any CPU.ActiveCfg = Debug|Any CPU
		{AB1628AB-6D3D-4AD9-8824-835A1333B55B}.Debug|Any CPU.Build.0 = Debug|Any CPU
		{AB1628AB-6D3D-4AD9-8824-835A1333B55B}.Release|Any CPU.ActiveCfg = Release|Any CPU
		{AB1628AB-6D3D-4AD9-8824-835A1333B55B}.Release|Any CPU.Build.0 = Release|Any CPU
		{1C0F3F50-C9B7-4D73-A7E1-548F9FBFA842}.Debug|Any CPU.ActiveCfg = Debug|Any CPU
		{1C0F3F50-C9B7-4D73-A7E1-548F9FBFA842}.Debug|Any CPU.Build.0 = Debug|Any CPU
		{1C0F3F50-C9B7-4D73-A7E1-548F9FBFA842}.Release|Any CPU.ActiveCfg = Release|Any CPU
		{1C0F3F50-C9B7-4D73-A7E1-548F9FBFA842}.Release|Any CPU.Build.0 = Release|Any CPU
	EndGlobalSection
	GlobalSection(SolutionProperties) = preSolution
		HideSolutionNode = FALSE
	EndGlobalSection
	GlobalSection(ExtensibilityGlobals) = postSolution
		SolutionGuid = {F947E34D-2887-4389-B2A3-17EF408A77B1}
	EndGlobalSection
EndGlobal
